// !$*UTF8*$!
{
	archiveVersion = 1;
	classes = {
	};
	objectVersion = 77;
	objects = {

/* Begin PBXBuildFile section */
		CE538E1B2E6EE72E00B9437B /* AuthError.swift in Sources */ = {isa = PBXBuildFile; fileRef = CE538E1A2E6EE72E00B9437B /* AuthError.swift */; };
		CE538E1D2E6EE77700B9437B /*  User.swift in Sources */ = {isa = PBXBuildFile; fileRef = CE538E1C2E6EE77700B9437B /*  User.swift */; };
		CE538E1F2E6EEB4400B9437B /*  ContentView.swift .swift in Sources */ = {isa = PBXBuildFile; fileRef = CE538E1E2E6EEB4400B9437B /*  ContentView.swift .swift */; };
		CE538E252E6EEE0C00B9437B /* UserService.swift in Sources */ = {isa = PBXBuildFile; fileRef = CE538E242E6EEE0C00B9437B /* UserService.swift */; };
		CE545FBB2E699B1A00E05E7E /*  PostService.swift in Sources */ = {isa = PBXBuildFile; fileRef = CE545FBA2E699B1A00E05E7E /*  PostService.swift */; };
		CE545FBF2E69E5E500E05E7E /* PostViewModel.swift in Sources */ = {isa = PBXBuildFile; fileRef = CE545FBE2E69E5E500E05E7E /* PostViewModel.swift */; };
		CE545FC12E69E86800E05E7E /*  CreatePostView.swift in Sources */ = {isa = PBXBuildFile; fileRef = CE545FC02E69E86800E05E7E /*  CreatePostView.swift */; };
		CE6EEF402E6DC13200DCE088 /* CommentsViewModel.swift in Sources */ = {isa = PBXBuildFile; fileRef = CE6EEF3F2E6DC13200DCE088 /* CommentsViewModel.swift */; };
		CE6EEF442E6DC18F00DCE088 /* CommentView.swift in Sources */ = {isa = PBXBuildFile; fileRef = CE6EEF432E6DC18F00DCE088 /* CommentView.swift */; };
		CE924E0F2E68573E0019273D /*  PostListView.swift in Sources */ = {isa = PBXBuildFile; fileRef = CE924E0E2E68573E0019273D /*  PostListView.swift */; };
		CE924E112E68578D0019273D /* PostDetailView.swift in Sources */ = {isa = PBXBuildFile; fileRef = CE924E102E68578D0019273D /* PostDetailView.swift */; };
		CE9D435D2E66D56F003E503C /*  AuthManager.swift in Sources */ = {isa = PBXBuildFile; fileRef = CE9D435C2E66D56F003E503C /*  AuthManager.swift */; };
		CE9D435F2E66D593003E503C /*  LoginView.swift in Sources */ = {isa = PBXBuildFile; fileRef = CE9D435E2E66D593003E503C /*  LoginView.swift */; };
		CE9F76922E7267BA00F31125 /* GoogleService-Info.plist in Resources */ = {isa = PBXBuildFile; fileRef = CE9F76912E7267BA00F31125 /* GoogleService-Info.plist */; };
		CE9F76932E7267BA00F31125 /* GoogleService-Info.plist in Resources */ = {isa = PBXBuildFile; fileRef = CE9F76912E7267BA00F31125 /* GoogleService-Info.plist */; };
		CE9F76942E7267BA00F31125 /* GoogleService-Info.plist in Resources */ = {isa = PBXBuildFile; fileRef = CE9F76912E7267BA00F31125 /* GoogleService-Info.plist */; };
		CE9F76982E72683900F31125 /* FirebaseAuth in Frameworks */ = {isa = PBXBuildFile; productRef = CE9F76972E72683900F31125 /* FirebaseAuth */; };
		CE9F769A2E72684E00F31125 /* FirebaseFirestore in Frameworks */ = {isa = PBXBuildFile; productRef = CE9F76992E72684E00F31125 /* FirebaseFirestore */; };
		CE9F769C2E72686D00F31125 /* FirebaseCore in Frameworks */ = {isa = PBXBuildFile; productRef = CE9F769B2E72686D00F31125 /* FirebaseCore */; };
		CE9F76A02E72D78300F31125 /*  currentUser.swift in Sources */ = {isa = PBXBuildFile; fileRef = CE9F769F2E72D78300F31125 /*  currentUser.swift */; };
		CEA6447B2E6F2B97000A7CFF /*  ProfileViewModel.swift in Sources */ = {isa = PBXBuildFile; fileRef = CEA6447A2E6F2B97000A7CFF /*  ProfileViewModel.swift */; };
		CEF862352E6AF1950057B51F /* ProfileView.swift in Sources */ = {isa = PBXBuildFile; fileRef = CEF862342E6AF1950057B51F /* ProfileView.swift */; };
/* End PBXBuildFile section */

/* Begin PBXContainerItemProxy section */
		CE9D43372E66D35A003E503C /* PBXContainerItemProxy */ = {
			isa = PBXContainerItemProxy;
			containerPortal = CE9D43202E66D356003E503C /* Project object */;
			proxyType = 1;
			remoteGlobalIDString = CE9D43272E66D356003E503C;
			remoteInfo = BookTrackerApp;
		};
		CE9D43412E66D35A003E503C /* PBXContainerItemProxy */ = {
			isa = PBXContainerItemProxy;
			containerPortal = CE9D43202E66D356003E503C /* Project object */;
			proxyType = 1;
			remoteGlobalIDString = CE9D43272E66D356003E503C;
			remoteInfo = BookTrackerApp;
		};
/* End PBXContainerItemProxy section */

/* Begin PBXFileReference section */
		CE538E1A2E6EE72E00B9437B /* AuthError.swift */ = {isa = PBXFileReference; lastKnownFileType = sourcecode.swift; path = AuthError.swift; sourceTree = "<group>"; };
		CE538E1C2E6EE77700B9437B /*  User.swift */ = {isa = PBXFileReference; lastKnownFileType = sourcecode.swift; path = " User.swift"; sourceTree = "<group>"; };
		CE538E1E2E6EEB4400B9437B /*  ContentView.swift .swift */ = {isa = PBXFileReference; lastKnownFileType = sourcecode.swift; path = " ContentView.swift .swift"; sourceTree = "<group>"; };
		CE538E242E6EEE0C00B9437B /* UserService.swift */ = {isa = PBXFileReference; lastKnownFileType = sourcecode.swift; path = UserService.swift; sourceTree = "<group>"; };
		CE545FBA2E699B1A00E05E7E /*  PostService.swift */ = {isa = PBXFileReference; lastKnownFileType = sourcecode.swift; path = " PostService.swift"; sourceTree = "<group>"; };
		CE545FBE2E69E5E500E05E7E /* PostViewModel.swift */ = {isa = PBXFileReference; lastKnownFileType = sourcecode.swift; path = PostViewModel.swift; sourceTree = "<group>"; };
		CE545FC02E69E86800E05E7E /*  CreatePostView.swift */ = {isa = PBXFileReference; lastKnownFileType = sourcecode.swift; path = " CreatePostView.swift"; sourceTree = "<group>"; };
		CE6EEF3F2E6DC13200DCE088 /* CommentsViewModel.swift */ = {isa = PBXFileReference; lastKnownFileType = sourcecode.swift; path = CommentsViewModel.swift; sourceTree = "<group>"; };
		CE6EEF432E6DC18F00DCE088 /* CommentView.swift */ = {isa = PBXFileReference; lastKnownFileType = sourcecode.swift; path = CommentView.swift; sourceTree = "<group>"; };
		CE924E0E2E68573E0019273D /*  PostListView.swift */ = {isa = PBXFileReference; lastKnownFileType = sourcecode.swift; path = " PostListView.swift"; sourceTree = "<group>"; };
		CE924E102E68578D0019273D /* PostDetailView.swift */ = {isa = PBXFileReference; lastKnownFileType = sourcecode.swift; path = PostDetailView.swift; sourceTree = "<group>"; };
		CE9D43282E66D356003E503C /* BookTrackerApp.app */ = {isa = PBXFileReference; explicitFileType = wrapper.application; includeInIndex = 0; path = BookTrackerApp.app; sourceTree = BUILT_PRODUCTS_DIR; };
		CE9D43362E66D35A003E503C /* BookTrackerAppTests.xctest */ = {isa = PBXFileReference; explicitFileType = wrapper.cfbundle; includeInIndex = 0; path = BookTrackerAppTests.xctest; sourceTree = BUILT_PRODUCTS_DIR; };
		CE9D43402E66D35A003E503C /* BookTrackerAppUITests.xctest */ = {isa = PBXFileReference; explicitFileType = wrapper.cfbundle; includeInIndex = 0; path = BookTrackerAppUITests.xctest; sourceTree = BUILT_PRODUCTS_DIR; };
		CE9D435C2E66D56F003E503C /*  AuthManager.swift */ = {isa = PBXFileReference; lastKnownFileType = sourcecode.swift; path = " AuthManager.swift"; sourceTree = "<group>"; };
		CE9D435E2E66D593003E503C /*  LoginView.swift */ = {isa = PBXFileReference; lastKnownFileType = sourcecode.swift; path = " LoginView.swift"; sourceTree = "<group>"; };
		CE9F76912E7267BA00F31125 /* GoogleService-Info.plist */ = {isa = PBXFileReference; lastKnownFileType = text.plist.xml; path = "GoogleService-Info.plist"; sourceTree = "<group>"; };
		CE9F769F2E72D78300F31125 /*  currentUser.swift */ = {isa = PBXFileReference; lastKnownFileType = sourcecode.swift; path = " currentUser.swift"; sourceTree = "<group>"; };
		CEA6447A2E6F2B97000A7CFF /*  ProfileViewModel.swift */ = {isa = PBXFileReference; lastKnownFileType = sourcecode.swift; path = " ProfileViewModel.swift"; sourceTree = "<group>"; };
		CEF862342E6AF1950057B51F /* ProfileView.swift */ = {isa = PBXFileReference; lastKnownFileType = sourcecode.swift; path = ProfileView.swift; sourceTree = "<group>"; };
/* End PBXFileReference section */

/* Begin PBXFileSystemSynchronizedRootGroup section */
		CE9D432A2E66D356003E503C /* BookTrackerApp */ = {
			isa = PBXFileSystemSynchronizedRootGroup;
			path = BookTrackerApp;
			sourceTree = "<group>";
		};
		CE9D43392E66D35A003E503C /* BookTrackerAppTests */ = {
			isa = PBXFileSystemSynchronizedRootGroup;
			path = BookTrackerAppTests;
			sourceTree = "<group>";
		};
		CE9D43432E66D35A003E503C /* BookTrackerAppUITests */ = {
			isa = PBXFileSystemSynchronizedRootGroup;
			path = BookTrackerAppUITests;
			sourceTree = "<group>";
		};
/* End PBXFileSystemSynchronizedRootGroup section */

/* Begin PBXFrameworksBuildPhase section */
		CE9D43252E66D356003E503C /* Frameworks */ = {
			isa = PBXFrameworksBuildPhase;
			buildActionMask = 2147483647;
			files = (
				CE9F76982E72683900F31125 /* FirebaseAuth in Frameworks */,
				CE9F769C2E72686D00F31125 /* FirebaseCore in Frameworks */,
				CE9F769A2E72684E00F31125 /* FirebaseFirestore in Frameworks */,
			);
			runOnlyForDeploymentPostprocessing = 0;
		};
		CE9D43332E66D35A003E503C /* Frameworks */ = {
			isa = PBXFrameworksBuildPhase;
			buildActionMask = 2147483647;
			files = (
			);
			runOnlyForDeploymentPostprocessing = 0;
		};
		CE9D433D2E66D35A003E503C /* Frameworks */ = {
			isa = PBXFrameworksBuildPhase;
			buildActionMask = 2147483647;
			files = (
			);
			runOnlyForDeploymentPostprocessing = 0;
		};
/* End PBXFrameworksBuildPhase section */

/* Begin PBXGroup section */
		CE545FB92E699AF200E05E7E /*  ServiceProviders */ = {
			isa = PBXGroup;
			children = (
				CE545FBA2E699B1A00E05E7E /*  PostService.swift */,
				CE538E242E6EEE0C00B9437B /* UserService.swift */,
			);
			path = " ServiceProviders";
			sourceTree = "<group>";
		};
		CE924E0B2E6838F60019273D /*  Models */ = {
			isa = PBXGroup;
			children = (
				CE538E1A2E6EE72E00B9437B /* AuthError.swift */,
				CE538E1C2E6EE77700B9437B /*  User.swift */,
				CE9F769F2E72D78300F31125 /*  currentUser.swift */,
			);
			path = " Models";
			sourceTree = "<group>";
		};
		CE9D431F2E66D356003E503C = {
			isa = PBXGroup;
			children = (
				CE545FB92E699AF200E05E7E /*  ServiceProviders */,
				CE924E0B2E6838F60019273D /*  Models */,
				CE9D43572E66D4CF003E503C /* Views */,
				CE9D43562E66D4C0003E503C /*  ViewModels */,
				CE9D432A2E66D356003E503C /* BookTrackerApp */,
				CE9D43392E66D35A003E503C /* BookTrackerAppTests */,
				CE9D43432E66D35A003E503C /* BookTrackerAppUITests */,
				CE9D43292E66D356003E503C /* Products */,
				CE9F76912E7267BA00F31125 /* GoogleService-Info.plist */,
				CE9F76962E72683900F31125 /* Frameworks */,
			);
			sourceTree = "<group>";
		};
		CE9D43292E66D356003E503C /* Products */ = {
			isa = PBXGroup;
			children = (
				CE9D43282E66D356003E503C /* BookTrackerApp.app */,
				CE9D43362E66D35A003E503C /* BookTrackerAppTests.xctest */,
				CE9D43402E66D35A003E503C /* BookTrackerAppUITests.xctest */,
			);
			name = Products;
			sourceTree = "<group>";
		};
		CE9D43562E66D4C0003E503C /*  ViewModels */ = {
			isa = PBXGroup;
			children = (
				CE9D435C2E66D56F003E503C /*  AuthManager.swift */,
				CE545FBE2E69E5E500E05E7E /* PostViewModel.swift */,
				CE6EEF3F2E6DC13200DCE088 /* CommentsViewModel.swift */,
			);
			path = " ViewModels";
			sourceTree = "<group>";
		};
		CE9D43572E66D4CF003E503C /* Views */ = {
			isa = PBXGroup;
			children = (
				CE9D435E2E66D593003E503C /*  LoginView.swift */,
				CE924E0E2E68573E0019273D /*  PostListView.swift */,
				CE924E102E68578D0019273D /* PostDetailView.swift */,
				CE545FC02E69E86800E05E7E /*  CreatePostView.swift */,
				CEF862342E6AF1950057B51F /* ProfileView.swift */,
				CE6EEF432E6DC18F00DCE088 /* CommentView.swift */,
				CE538E1E2E6EEB4400B9437B /*  ContentView.swift .swift */,
				CEA6447A2E6F2B97000A7CFF /*  ProfileViewModel.swift */,
			);
			path = Views;
			sourceTree = "<group>";
		};
		CE9F76962E72683900F31125 /* Frameworks */ = {
			isa = PBXGroup;
			children = (
			);
			name = Frameworks;
			sourceTree = "<group>";
		};
/* End PBXGroup section */

/* Begin PBXNativeTarget section */
		CE9D43272E66D356003E503C /* BookTrackerApp */ = {
			isa = PBXNativeTarget;
			buildConfigurationList = CE9D434A2E66D35A003E503C /* Build configuration list for PBXNativeTarget "BookTrackerApp" */;
			buildPhases = (
				CE9D43242E66D356003E503C /* Sources */,
				CE9D43252E66D356003E503C /* Frameworks */,
				CE9D43262E66D356003E503C /* Resources */,
			);
			buildRules = (
			);
			dependencies = (
			);
			fileSystemSynchronizedGroups = (
				CE9D432A2E66D356003E503C /* BookTrackerApp */,
			);
			name = BookTrackerApp;
			packageProductDependencies = (
				CE9F76972E72683900F31125 /* FirebaseAuth */,
				CE9F76992E72684E00F31125 /* FirebaseFirestore */,
				CE9F769B2E72686D00F31125 /* FirebaseCore */,
			);
			productName = BookTrackerApp;
			productReference = CE9D43282E66D356003E503C /* BookTrackerApp.app */;
			productType = "com.apple.product-type.application";
		};
		CE9D43352E66D35A003E503C /* BookTrackerAppTests */ = {
			isa = PBXNativeTarget;
			buildConfigurationList = CE9D434D2E66D35A003E503C /* Build configuration list for PBXNativeTarget "BookTrackerAppTests" */;
			buildPhases = (
				CE9D43322E66D35A003E503C /* Sources */,
				CE9D43332E66D35A003E503C /* Frameworks */,
				CE9D43342E66D35A003E503C /* Resources */,
			);
			buildRules = (
			);
			dependencies = (
				CE9D43382E66D35A003E503C /* PBXTargetDependency */,
			);
			fileSystemSynchronizedGroups = (
				CE9D43392E66D35A003E503C /* BookTrackerAppTests */,
			);
			name = BookTrackerAppTests;
			packageProductDependencies = (
			);
			productName = BookTrackerAppTests;
			productReference = CE9D43362E66D35A003E503C /* BookTrackerAppTests.xctest */;
			productType = "com.apple.product-type.bundle.unit-test";
		};
		CE9D433F2E66D35A003E503C /* BookTrackerAppUITests */ = {
			isa = PBXNativeTarget;
			buildConfigurationList = CE9D43502E66D35A003E503C /* Build configuration list for PBXNativeTarget "BookTrackerAppUITests" */;
			buildPhases = (
				CE9D433C2E66D35A003E503C /* Sources */,
				CE9D433D2E66D35A003E503C /* Frameworks */,
				CE9D433E2E66D35A003E503C /* Resources */,
			);
			buildRules = (
			);
			dependencies = (
				CE9D43422E66D35A003E503C /* PBXTargetDependency */,
			);
			fileSystemSynchronizedGroups = (
				CE9D43432E66D35A003E503C /* BookTrackerAppUITests */,
			);
			name = BookTrackerAppUITests;
			packageProductDependencies = (
			);
			productName = BookTrackerAppUITests;
			productReference = CE9D43402E66D35A003E503C /* BookTrackerAppUITests.xctest */;
			productType = "com.apple.product-type.bundle.ui-testing";
		};
/* End PBXNativeTarget section */

/* Begin PBXProject section */
		CE9D43202E66D356003E503C /* Project object */ = {
			isa = PBXProject;
			attributes = {
				BuildIndependentTargetsInParallel = 1;
				LastSwiftUpdateCheck = 1640;
				LastUpgradeCheck = 1640;
				TargetAttributes = {
					CE9D43272E66D356003E503C = {
						CreatedOnToolsVersion = 16.4;
					};
					CE9D43352E66D35A003E503C = {
						CreatedOnToolsVersion = 16.4;
						TestTargetID = CE9D43272E66D356003E503C;
					};
					CE9D433F2E66D35A003E503C = {
						CreatedOnToolsVersion = 16.4;
						TestTargetID = CE9D43272E66D356003E503C;
					};
				};
			};
			buildConfigurationList = CE9D43232E66D356003E503C /* Build configuration list for PBXProject "BookTrackerApp" */;
			developmentRegion = en;
			hasScannedForEncodings = 0;
			knownRegions = (
				en,
				Base,
			);
			mainGroup = CE9D431F2E66D356003E503C;
			minimizedProjectReferenceProxies = 1;
			packageReferences = (
				CE9F76952E7267D100F31125 /* XCRemoteSwiftPackageReference "firebase-ios-sdk" */,
			);
			preferredProjectObjectVersion = 77;
			productRefGroup = CE9D43292E66D356003E503C /* Products */;
			projectDirPath = "";
			projectRoot = "";
			targets = (
				CE9D43272E66D356003E503C /* BookTrackerApp */,
				CE9D43352E66D35A003E503C /* BookTrackerAppTests */,
				CE9D433F2E66D35A003E503C /* BookTrackerAppUITests */,
			);
		};
/* End PBXProject section */

/* Begin PBXResourcesBuildPhase section */
		CE9D43262E66D356003E503C /* Resources */ = {
			isa = PBXResourcesBuildPhase;
			buildActionMask = 2147483647;
			files = (
				CE9F76922E7267BA00F31125 /* GoogleService-Info.plist in Resources */,
			);
			runOnlyForDeploymentPostprocessing = 0;
		};
		CE9D43342E66D35A003E503C /* Resources */ = {
			isa = PBXResourcesBuildPhase;
			buildActionMask = 2147483647;
			files = (
				CE9F76942E7267BA00F31125 /* GoogleService-Info.plist in Resources */,
			);
			runOnlyForDeploymentPostprocessing = 0;
		};
		CE9D433E2E66D35A003E503C /* Resources */ = {
			isa = PBXResourcesBuildPhase;
			buildActionMask = 2147483647;
			files = (
				CE9F76932E7267BA00F31125 /* GoogleService-Info.plist in Resources */,
			);
			runOnlyForDeploymentPostprocessing = 0;
		};
/* End PBXResourcesBuildPhase section */

/* Begin PBXSourcesBuildPhase section */
		CE9D43242E66D356003E503C /* Sources */ = {
			isa = PBXSourcesBuildPhase;
			buildActionMask = 2147483647;
			files = (
				CE545FBF2E69E5E500E05E7E /* PostViewModel.swift in Sources */,
				CE538E252E6EEE0C00B9437B /* UserService.swift in Sources */,
				CE538E1F2E6EEB4400B9437B /*  ContentView.swift .swift in Sources */,
				CE9D435D2E66D56F003E503C /*  AuthManager.swift in Sources */,
				CEA6447B2E6F2B97000A7CFF /*  ProfileViewModel.swift in Sources */,
				CE538E1D2E6EE77700B9437B /*  User.swift in Sources */,
				CE924E112E68578D0019273D /* PostDetailView.swift in Sources */,
				CE545FBB2E699B1A00E05E7E /*  PostService.swift in Sources */,
				CE9D435F2E66D593003E503C /*  LoginView.swift in Sources */,
				CE538E1B2E6EE72E00B9437B /* AuthError.swift in Sources */,
				CE9F76A02E72D78300F31125 /*  currentUser.swift in Sources */,
				CE545FC12E69E86800E05E7E /*  CreatePostView.swift in Sources */,
				CE6EEF402E6DC13200DCE088 /* CommentsViewModel.swift in Sources */,
				CEF862352E6AF1950057B51F /* ProfileView.swift in Sources */,
				CE6EEF442E6DC18F00DCE088 /* CommentView.swift in Sources */,
				CE924E0F2E68573E0019273D /*  PostListView.swift in Sources */,
			);
			runOnlyForDeploymentPostprocessing = 0;
		};
		CE9D43322E66D35A003E503C /* Sources */ = {
			isa = PBXSourcesBuildPhase;
			buildActionMask = 2147483647;
			files = (
			);
			runOnlyForDeploymentPostprocessing = 0;
		};
		CE9D433C2E66D35A003E503C /* Sources */ = {
			isa = PBXSourcesBuildPhase;
			buildActionMask = 2147483647;
			files = (
			);
			runOnlyForDeploymentPostprocessing = 0;
		};
/* End PBXSourcesBuildPhase section */

/* Begin PBXTargetDependency section */
		CE9D43382E66D35A003E503C /* PBXTargetDependency */ = {
			isa = PBXTargetDependency;
			target = CE9D43272E66D356003E503C /* BookTrackerApp */;
			targetProxy = CE9D43372E66D35A003E503C /* PBXContainerItemProxy */;
		};
		CE9D43422E66D35A003E503C /* PBXTargetDependency */ = {
			isa = PBXTargetDependency;
			target = CE9D43272E66D356003E503C /* BookTrackerApp */;
			targetProxy = CE9D43412E66D35A003E503C /* PBXContainerItemProxy */;
		};
/* End PBXTargetDependency section */

/* Begin XCBuildConfiguration section */
		CE9D43482E66D35A003E503C /* Debug */ = {
			isa = XCBuildConfiguration;
			buildSettings = {
				ALWAYS_SEARCH_USER_PATHS = NO;
				ASSETCATALOG_COMPILER_GENERATE_SWIFT_ASSET_SYMBOL_EXTENSIONS = YES;
				CLANG_ANALYZER_NONNULL = YES;
				CLANG_ANALYZER_NUMBER_OBJECT_CONVERSION = YES_AGGRESSIVE;
				CLANG_CXX_LANGUAGE_STANDARD = "gnu++20";
				CLANG_ENABLE_MODULES = YES;
				CLANG_ENABLE_OBJC_ARC = YES;
				CLANG_ENABLE_OBJC_WEAK = YES;
				CLANG_WARN_BLOCK_CAPTURE_AUTORELEASING = YES;
				CLANG_WARN_BOOL_CONVERSION = YES;
				CLANG_WARN_COMMA = YES;
				CLANG_WARN_CONSTANT_CONVERSION = YES;
				CLANG_WARN_DEPRECATED_OBJC_IMPLEMENTATIONS = YES;
				CLANG_WARN_DIRECT_OBJC_ISA_USAGE = YES_ERROR;
				CLANG_WARN_DOCUMENTATION_COMMENTS = YES;
				CLANG_WARN_EMPTY_BODY = YES;
				CLANG_WARN_ENUM_CONVERSION = YES;
				CLANG_WARN_INFINITE_RECURSION = YES;
				CLANG_WARN_INT_CONVERSION = YES;
				CLANG_WARN_NON_LITERAL_NULL_CONVERSION = YES;
				CLANG_WARN_OBJC_IMPLICIT_RETAIN_SELF = YES;
				CLANG_WARN_OBJC_LITERAL_CONVERSION = YES;
				CLANG_WARN_OBJC_ROOT_CLASS = YES_ERROR;
				CLANG_WARN_QUOTED_INCLUDE_IN_FRAMEWORK_HEADER = YES;
				CLANG_WARN_RANGE_LOOP_ANALYSIS = YES;
				CLANG_WARN_STRICT_PROTOTYPES = YES;
				CLANG_WARN_SUSPICIOUS_MOVE = YES;
				CLANG_WARN_UNGUARDED_AVAILABILITY = YES_AGGRESSIVE;
				CLANG_WARN_UNREACHABLE_CODE = YES;
				CLANG_WARN__DUPLICATE_METHOD_MATCH = YES;
				COPY_PHASE_STRIP = NO;
				DEBUG_INFORMATION_FORMAT = dwarf;
				ENABLE_STRICT_OBJC_MSGSEND = YES;
				ENABLE_TESTABILITY = YES;
				ENABLE_USER_SCRIPT_SANDBOXING = YES;
				GCC_C_LANGUAGE_STANDARD = gnu17;
				GCC_DYNAMIC_NO_PIC = NO;
				GCC_NO_COMMON_BLOCKS = YES;
				GCC_OPTIMIZATION_LEVEL = 0;
				GCC_PREPROCESSOR_DEFINITIONS = (
					"DEBUG=1",
					"$(inherited)",
				);
				GCC_WARN_64_TO_32_BIT_CONVERSION = YES;
				GCC_WARN_ABOUT_RETURN_TYPE = YES_ERROR;
				GCC_WARN_UNDECLARED_SELECTOR = YES;
				GCC_WARN_UNINITIALIZED_AUTOS = YES_AGGRESSIVE;
				GCC_WARN_UNUSED_FUNCTION = YES;
				GCC_WARN_UNUSED_VARIABLE = YES;
				LOCALIZATION_PREFERS_STRING_CATALOGS = YES;
				MTL_ENABLE_DEBUG_INFO = INCLUDE_SOURCE;
				MTL_FAST_MATH = YES;
				ONLY_ACTIVE_ARCH = YES;
				SWIFT_ACTIVE_COMPILATION_CONDITIONS = "DEBUG $(inherited)";
				SWIFT_OPTIMIZATION_LEVEL = "-Onone";
			};
			name = Debug;
		};
		CE9D43492E66D35A003E503C /* Release */ = {
			isa = XCBuildConfiguration;
			buildSettings = {
				ALWAYS_SEARCH_USER_PATHS = NO;
				ASSETCATALOG_COMPILER_GENERATE_SWIFT_ASSET_SYMBOL_EXTENSIONS = YES;
				CLANG_ANALYZER_NONNULL = YES;
				CLANG_ANALYZER_NUMBER_OBJECT_CONVERSION = YES_AGGRESSIVE;
				CLANG_CXX_LANGUAGE_STANDARD = "gnu++20";
				CLANG_ENABLE_MODULES = YES;
				CLANG_ENABLE_OBJC_ARC = YES;
				CLANG_ENABLE_OBJC_WEAK = YES;
				CLANG_WARN_BLOCK_CAPTURE_AUTORELEASING = YES;
				CLANG_WARN_BOOL_CONVERSION = YES;
				CLANG_WARN_COMMA = YES;
				CLANG_WARN_CONSTANT_CONVERSION = YES;
				CLANG_WARN_DEPRECATED_OBJC_IMPLEMENTATIONS = YES;
				CLANG_WARN_DIRECT_OBJC_ISA_USAGE = YES_ERROR;
				CLANG_WARN_DOCUMENTATION_COMMENTS = YES;
				CLANG_WARN_EMPTY_BODY = YES;
				CLANG_WARN_ENUM_CONVERSION = YES;
				CLANG_WARN_INFINITE_RECURSION = YES;
				CLANG_WARN_INT_CONVERSION = YES;
				CLANG_WARN_NON_LITERAL_NULL_CONVERSION = YES;
				CLANG_WARN_OBJC_IMPLICIT_RETAIN_SELF = YES;
				CLANG_WARN_OBJC_LITERAL_CONVERSION = YES;
				CLANG_WARN_OBJC_ROOT_CLASS = YES_ERROR;
				CLANG_WARN_QUOTED_INCLUDE_IN_FRAMEWORK_HEADER = YES;
				CLANG_WARN_RANGE_LOOP_ANALYSIS = YES;
				CLANG_WARN_STRICT_PROTOTYPES = YES;
				CLANG_WARN_SUSPICIOUS_MOVE = YES;
				CLANG_WARN_UNGUARDED_AVAILABILITY = YES_AGGRESSIVE;
				CLANG_WARN_UNREACHABLE_CODE = YES;
				CLANG_WARN__DUPLICATE_METHOD_MATCH = YES;
				COPY_PHASE_STRIP = NO;
				DEBUG_INFORMATION_FORMAT = "dwarf-with-dsym";
				ENABLE_NS_ASSERTIONS = NO;
				ENABLE_STRICT_OBJC_MSGSEND = YES;
				ENABLE_USER_SCRIPT_SANDBOXING = YES;
				GCC_C_LANGUAGE_STANDARD = gnu17;
				GCC_NO_COMMON_BLOCKS = YES;
				GCC_WARN_64_TO_32_BIT_CONVERSION = YES;
				GCC_WARN_ABOUT_RETURN_TYPE = YES_ERROR;
				GCC_WARN_UNDECLARED_SELECTOR = YES;
				GCC_WARN_UNINITIALIZED_AUTOS = YES_AGGRESSIVE;
				GCC_WARN_UNUSED_FUNCTION = YES;
				GCC_WARN_UNUSED_VARIABLE = YES;
				LOCALIZATION_PREFERS_STRING_CATALOGS = YES;
				MTL_ENABLE_DEBUG_INFO = NO;
				MTL_FAST_MATH = YES;
				SWIFT_COMPILATION_MODE = wholemodule;
			};
			name = Release;
		};
		CE9D434B2E66D35A003E503C /* Debug */ = {
			isa = XCBuildConfiguration;
			buildSettings = {
				ASSETCATALOG_COMPILER_APPICON_NAME = AppIcon;
				ASSETCATALOG_COMPILER_GLOBAL_ACCENT_COLOR_NAME = AccentColor;
				CODE_SIGN_ENTITLEMENTS = BookTrackerApp/BookTrackerApp.entitlements;
				CODE_SIGN_STYLE = Automatic;
				CURRENT_PROJECT_VERSION = 1;
				ENABLE_PREVIEWS = YES;
				GENERATE_INFOPLIST_FILE = YES;
				"INFOPLIST_KEY_UIApplicationSceneManifest_Generation[sdk=iphoneos*]" = YES;
				"INFOPLIST_KEY_UIApplicationSceneManifest_Generation[sdk=iphonesimulator*]" = YES;
				"INFOPLIST_KEY_UIApplicationSupportsIndirectInputEvents[sdk=iphoneos*]" = YES;
				"INFOPLIST_KEY_UIApplicationSupportsIndirectInputEvents[sdk=iphonesimulator*]" = YES;
				"INFOPLIST_KEY_UILaunchScreen_Generation[sdk=iphoneos*]" = YES;
				"INFOPLIST_KEY_UILaunchScreen_Generation[sdk=iphonesimulator*]" = YES;
				"INFOPLIST_KEY_UIStatusBarStyle[sdk=iphoneos*]" = UIStatusBarStyleDefault;
				"INFOPLIST_KEY_UIStatusBarStyle[sdk=iphonesimulator*]" = UIStatusBarStyleDefault;
				INFOPLIST_KEY_UISupportedInterfaceOrientations_iPad = "UIInterfaceOrientationPortrait UIInterfaceOrientationPortraitUpsideDown UIInterfaceOrientationLandscapeLeft UIInterfaceOrientationLandscapeRight";
				INFOPLIST_KEY_UISupportedInterfaceOrientations_iPhone = "UIInterfaceOrientationPortrait UIInterfaceOrientationLandscapeLeft UIInterfaceOrientationLandscapeRight";
				IPHONEOS_DEPLOYMENT_TARGET = 18.5;
				LD_RUNPATH_SEARCH_PATHS = "@executable_path/Frameworks";
				"LD_RUNPATH_SEARCH_PATHS[sdk=macosx*]" = "@executable_path/../Frameworks";
				MACOSX_DEPLOYMENT_TARGET = 15.5;
				MARKETING_VERSION = 1.0;
				PRODUCT_BUNDLE_IDENTIFIER = "com-Tamo-Marvin.BookTrackerApp";
				PRODUCT_NAME = "$(TARGET_NAME)";
				REGISTER_APP_GROUPS = YES;
				SDKROOT = auto;
				SUPPORTED_PLATFORMS = "iphoneos iphonesimulator macosx xros xrsimulator";
				SWIFT_EMIT_LOC_STRINGS = YES;
				SWIFT_VERSION = 5.0;
				TARGETED_DEVICE_FAMILY = "1,2,7";
				XROS_DEPLOYMENT_TARGET = 2.5;
			};
			name = Debug;
		};
		CE9D434C2E66D35A003E503C /* Release */ = {
			isa = XCBuildConfiguration;
			buildSettings = {
				ASSETCATALOG_COMPILER_APPICON_NAME = AppIcon;
				ASSETCATALOG_COMPILER_GLOBAL_ACCENT_COLOR_NAME = AccentColor;
				CODE_SIGN_ENTITLEMENTS = BookTrackerApp/BookTrackerApp.entitlements;
				CODE_SIGN_STYLE = Automatic;
				CURRENT_PROJECT_VERSION = 1;
				ENABLE_PREVIEWS = YES;
				GENERATE_INFOPLIST_FILE = YES;
				"INFOPLIST_KEY_UIApplicationSceneManifest_Generation[sdk=iphoneos*]" = YES;
				"INFOPLIST_KEY_UIApplicationSceneManifest_Generation[sdk=iphonesimulator*]" = YES;
				"INFOPLIST_KEY_UIApplicationSupportsIndirectInputEvents[sdk=iphoneos*]" = YES;
				"INFOPLIST_KEY_UIApplicationSupportsIndirectInputEvents[sdk=iphonesimulator*]" = YES;
				"INFOPLIST_KEY_UILaunchScreen_Generation[sdk=iphoneos*]" = YES;
				"INFOPLIST_KEY_UILaunchScreen_Generation[sdk=iphonesimulator*]" = YES;
				"INFOPLIST_KEY_UIStatusBarStyle[sdk=iphoneos*]" = UIStatusBarStyleDefault;
				"INFOPLIST_KEY_UIStatusBarStyle[sdk=iphonesimulator*]" = UIStatusBarStyleDefault;
				INFOPLIST_KEY_UISupportedInterfaceOrientations_iPad = "UIInterfaceOrientationPortrait UIInterfaceOrientationPortraitUpsideDown UIInterfaceOrientationLandscapeLeft UIInterfaceOrientationLandscapeRight";
				INFOPLIST_KEY_UISupportedInterfaceOrientations_iPhone = "UIInterfaceOrientationPortrait UIInterfaceOrientationLandscapeLeft UIInterfaceOrientationLandscapeRight";
				IPHONEOS_DEPLOYMENT_TARGET = 18.5;
				LD_RUNPATH_SEARCH_PATHS = "@executable_path/Frameworks";
				"LD_RUNPATH_SEARCH_PATHS[sdk=macosx*]" = "@executable_path/../Frameworks";
				MACOSX_DEPLOYMENT_TARGET = 15.5;
				MARKETING_VERSION = 1.0;
				PRODUCT_BUNDLE_IDENTIFIER = "com-Tamo-Marvin.BookTrackerApp";
				PRODUCT_NAME = "$(TARGET_NAME)";
				REGISTER_APP_GROUPS = YES;
				SDKROOT = auto;
				SUPPORTED_PLATFORMS = "iphoneos iphonesimulator macosx xros xrsimulator";
				SWIFT_EMIT_LOC_STRINGS = YES;
				SWIFT_VERSION = 5.0;
				TARGETED_DEVICE_FAMILY = "1,2,7";
				XROS_DEPLOYMENT_TARGET = 2.5;
			};
			name = Release;
		};
		CE9D434E2E66D35A003E503C /* Debug */ = {
			isa = XCBuildConfiguration;
			buildSettings = {
				BUNDLE_LOADER = "$(TEST_HOST)";
				CODE_SIGN_STYLE = Automatic;
				CURRENT_PROJECT_VERSION = 1;
				GENERATE_INFOPLIST_FILE = YES;
				IPHONEOS_DEPLOYMENT_TARGET = 18.5;
				MACOSX_DEPLOYMENT_TARGET = 15.5;
				MARKETING_VERSION = 1.0;
				PRODUCT_BUNDLE_IDENTIFIER = "com-Tamo-Marvin.BookTrackerAppTests";
				PRODUCT_NAME = "$(TARGET_NAME)";
				SDKROOT = auto;
				SUPPORTED_PLATFORMS = "iphoneos iphonesimulator macosx xros xrsimulator";
				SWIFT_EMIT_LOC_STRINGS = NO;
				SWIFT_VERSION = 5.0;
				TARGETED_DEVICE_FAMILY = "1,2,7";
				TEST_HOST = "$(BUILT_PRODUCTS_DIR)/BookTrackerApp.app/$(BUNDLE_EXECUTABLE_FOLDER_PATH)/BookTrackerApp";
				XROS_DEPLOYMENT_TARGET = 2.5;
			};
			name = Debug;
		};
		CE9D434F2E66D35A003E503C /* Release */ = {
			isa = XCBuildConfiguration;
			buildSettings = {
				BUNDLE_LOADER = "$(TEST_HOST)";
				CODE_SIGN_STYLE = Automatic;
				CURRENT_PROJECT_VERSION = 1;
				GENERATE_INFOPLIST_FILE = YES;
				IPHONEOS_DEPLOYMENT_TARGET = 18.5;
				MACOSX_DEPLOYMENT_TARGET = 15.5;
				MARKETING_VERSION = 1.0;
				PRODUCT_BUNDLE_IDENTIFIER = "com-Tamo-Marvin.BookTrackerAppTests";
				PRODUCT_NAME = "$(TARGET_NAME)";
				SDKROOT = auto;
				SUPPORTED_PLATFORMS = "iphoneos iphonesimulator macosx xros xrsimulator";
				SWIFT_EMIT_LOC_STRINGS = NO;
				SWIFT_VERSION = 5.0;
				TARGETED_DEVICE_FAMILY = "1,2,7";
				TEST_HOST = "$(BUILT_PRODUCTS_DIR)/BookTrackerApp.app/$(BUNDLE_EXECUTABLE_FOLDER_PATH)/BookTrackerApp";
				XROS_DEPLOYMENT_TARGET = 2.5;
			};
			name = Release;
		};
		CE9D43512E66D35A003E503C /* Debug */ = {
			isa = XCBuildConfiguration;
			buildSettings = {
				CODE_SIGN_STYLE = Automatic;
				CURRENT_PROJECT_VERSION = 1;
				GENERATE_INFOPLIST_FILE = YES;
				IPHONEOS_DEPLOYMENT_TARGET = 18.5;
				MACOSX_DEPLOYMENT_TARGET = 15.5;
				MARKETING_VERSION = 1.0;
				PRODUCT_BUNDLE_IDENTIFIER = "com-Tamo-Marvin.BookTrackerAppUITests";
				PRODUCT_NAME = "$(TARGET_NAME)";
				SDKROOT = auto;
				SUPPORTED_PLATFORMS = "iphoneos iphonesimulator macosx xros xrsimulator";
				SWIFT_EMIT_LOC_STRINGS = NO;
				SWIFT_VERSION = 5.0;
				TARGETED_DEVICE_FAMILY = "1,2,7";
				TEST_TARGET_NAME = BookTrackerApp;
				XROS_DEPLOYMENT_TARGET = 2.5;
			};
			name = Debug;
		};
		CE9D43522E66D35A003E503C /* Release */ = {
			isa = XCBuildConfiguration;
			buildSettings = {
				CODE_SIGN_STYLE = Automatic;
				CURRENT_PROJECT_VERSION = 1;
				GENERATE_INFOPLIST_FILE = YES;
				IPHONEOS_DEPLOYMENT_TARGET = 18.5;
				MACOSX_DEPLOYMENT_TARGET = 15.5;
				MARKETING_VERSION = 1.0;
				PRODUCT_BUNDLE_IDENTIFIER = "com-Tamo-Marvin.BookTrackerAppUITests";
				PRODUCT_NAME = "$(TARGET_NAME)";
				SDKROOT = auto;
				SUPPORTED_PLATFORMS = "iphoneos iphonesimulator macosx xros xrsimulator";
				SWIFT_EMIT_LOC_STRINGS = NO;
				SWIFT_VERSION = 5.0;
				TARGETED_DEVICE_FAMILY = "1,2,7";
				TEST_TARGET_NAME = BookTrackerApp;
				XROS_DEPLOYMENT_TARGET = 2.5;
			};
			name = Release;
		};
/* End XCBuildConfiguration section */

/* Begin XCConfigurationList section */
		CE9D43232E66D356003E503C /* Build configuration list for PBXProject "BookTrackerApp" */ = {
			isa = XCConfigurationList;
			buildConfigurations = (
				CE9D43482E66D35A003E503C /* Debug */,
				CE9D43492E66D35A003E503C /* Release */,
			);
			defaultConfigurationIsVisible = 0;
			defaultConfigurationName = Release;
		};
		CE9D434A2E66D35A003E503C /* Build configuration list for PBXNativeTarget "BookTrackerApp" */ = {
			isa = XCConfigurationList;
			buildConfigurations = (
				CE9D434B2E66D35A003E503C /* Debug */,
				CE9D434C2E66D35A003E503C /* Release */,
			);
			defaultConfigurationIsVisible = 0;
			defaultConfigurationName = Release;
		};
		CE9D434D2E66D35A003E503C /* Build configuration list for PBXNativeTarget "BookTrackerAppTests" */ = {
			isa = XCConfigurationList;
			buildConfigurations = (
				CE9D434E2E66D35A003E503C /* Debug */,
				CE9D434F2E66D35A003E503C /* Release */,
			);
			defaultConfigurationIsVisible = 0;
			defaultConfigurationName = Release;
		};
		CE9D43502E66D35A003E503C /* Build configuration list for PBXNativeTarget "BookTrackerAppUITests" */ = {
			isa = XCConfigurationList;
			buildConfigurations = (
				CE9D43512E66D35A003E503C /* Debug */,
				CE9D43522E66D35A003E503C /* Release */,
			);
			defaultConfigurationIsVisible = 0;
			defaultConfigurationName = Release;
		};
/* End XCConfigurationList section */

/* Begin XCRemoteSwiftPackageReference section */
		CE9F76952E7267D100F31125 /* XCRemoteSwiftPackageReference "firebase-ios-sdk" */ = {
			isa = XCRemoteSwiftPackageReference;
			repositoryURL = "https://github.com/firebase/firebase-ios-sdk.git";
			requirement = {
				kind = upToNextMajorVersion;
				minimumVersion = 12.2.0;
			};
		};
/* End XCRemoteSwiftPackageReference section */

/* Begin XCSwiftPackageProductDependency section */
		CE9F76972E72683900F31125 /* FirebaseAuth */ = {
			isa = XCSwiftPackageProductDependency;
			package = CE9F76952E7267D100F31125 /* XCRemoteSwiftPackageReference "firebase-ios-sdk" */;
			productName = FirebaseAuth;
		};
		CE9F76992E72684E00F31125 /* FirebaseFirestore */ = {
			isa = XCSwiftPackageProductDependency;
			package = CE9F76952E7267D100F31125 /* XCRemoteSwiftPackageReference "firebase-ios-sdk" */;
			productName = FirebaseFirestore;
		};
		CE9F769B2E72686D00F31125 /* FirebaseCore */ = {
			isa = XCSwiftPackageProductDependency;
			package = CE9F76952E7267D100F31125 /* XCRemoteSwiftPackageReference "firebase-ios-sdk" */;
			productName = FirebaseCore;
		};
/* End XCSwiftPackageProductDependency section */
	};
	rootObject = CE9D43202E66D356003E503C /* Project object */;
}
